
Microsoft Visual Studio Solution File, Format Version 12.00
# Visual Studio Version 16
VisualStudioVersion = 16.0.30907.101
MinimumVisualStudioVersion = 10.0.40219.1
Project("{FAE04EC0-301F-11D3-BF4B-00C04F79EFBC}") = "Rendering", "Rendering\Rendering.csproj", "{D58D41BA-31BF-4EB9-912C-E2ED69B23FD3}"
EndProject
Project("{FAE04EC0-301F-11D3-BF4B-00C04F79EFBC}") = "DrawGraphic", "DrawGraphic\DrawGraphic.csproj", "{B3661D92-BAD5-4069-8594-969F6BE85CED}"
EndProject
Global
	GlobalSection(SolutionConfigurationPlatforms) = preSolution
		Debug|Any CPU = Debug|Any CPU
		Release|Any CPU = Release|Any CPU
	EndGlobalSection
	GlobalSection(ProjectConfigurationPlatforms) = postSolution
		{D58D41BA-31BF-4EB9-912C-E2ED69B23FD3}.Debug|Any CPU.ActiveCfg = Debug|Any CPU
		{D58D41BA-31BF-4EB9-912C-E2ED69B23FD3}.Debug|Any CPU.Build.0 = Debug|Any CPU
		{D58D41BA-31BF-4EB9-912C-E2ED69B23FD3}.Release|Any CPU.ActiveCfg = Release|Any CPU
		{D58D41BA-31BF-4EB9-912C-E2ED69B23FD3}.Release|Any CPU.Build.0 = Release|Any CPU
		{B3661D92-BAD5-4069-8594-969F6BE85CED}.Debug|Any CPU.ActiveCfg = Debug|Any CPU
		{B3661D92-BAD5-4069-8594-969F6BE85CED}.Debug|Any CPU.Build.0 = Debug|Any CPU
		{B3661D92-BAD5-4069-8594-969F6BE85CED}.Release|Any CPU.ActiveCfg = Release|Any CPU
		{B3661D92-BAD5-4069-8594-969F6BE85CED}.Release|Any CPU.Build.0 = Release|Any CPU
	EndGlobalSection
	GlobalSection(SolutionProperties) = preSolution
		HideSolutionNode = FALSE
	EndGlobalSection
	GlobalSection(ExtensibilityGlobals) = postSolution
		SolutionGuid = {2B5DA148-3901-4656-A735-6CFECC567BDF}
	EndGlobalSection
EndGlobal
